
Microsoft Visual Studio Solution File, Format Version 12.00
# Visual Studio Version 17
VisualStudioVersion = 17.0.31903.59
MinimumVisualStudioVersion = 10.0.40219.1
Project("{9A19103F-16F7-4668-BE54-9A1E7A4F7556}") = "EventPro.Application", "EventPro.Application\EventPro.Application.csproj", "{62AA10FE-E561-43BF-A1BB-E5B16946B2DB}"
EndProject
Project("{9A19103F-16F7-4668-BE54-9A1E7A4F7556}") = "EventPro.CrossCutting", "EventPro.CrossCutting\EventPro.CrossCutting.csproj", "{D27D699A-F1C1-4B0F-81CB-E9033F383D2D}"
EndProject
Project("{9A19103F-16F7-4668-BE54-9A1E7A4F7556}") = "EventPro.Domain", "EventPro.Domain\EventPro.Domain.csproj", "{F6C15E7B-E48F-4166-ADAF-E60D17984BFA}"
EndProject
Project("{9A19103F-16F7-4668-BE54-9A1E7A4F7556}") = "EventPro.Infrastructure", "EventPro.Infrastructure\EventPro.Infrastructure.csproj", "{C4E8EE26-AB7A-443F-A463-5E39AFD4237F}"
EndProject
Project("{FAE04EC0-301F-11D3-BF4B-00C04F79EFBC}") = "EventPro.Api", "EventPro.Api\EventPro.Api.csproj", "{00846BF5-4083-4BB5-BF64-EDA35320185F}"
EndProject
Global
	GlobalSection(SolutionConfigurationPlatforms) = preSolution
		Debug|Any CPU = Debug|Any CPU
		Release|Any CPU = Release|Any CPU
	EndGlobalSection
	GlobalSection(ProjectConfigurationPlatforms) = postSolution
		{62AA10FE-E561-43BF-A1BB-E5B16946B2DB}.Debug|Any CPU.ActiveCfg = Debug|Any CPU
		{62AA10FE-E561-43BF-A1BB-E5B16946B2DB}.Debug|Any CPU.Build.0 = Debug|Any CPU
		{62AA10FE-E561-43BF-A1BB-E5B16946B2DB}.Release|Any CPU.ActiveCfg = Release|Any CPU
		{62AA10FE-E561-43BF-A1BB-E5B16946B2DB}.Release|Any CPU.Build.0 = Release|Any CPU
		{D27D699A-F1C1-4B0F-81CB-E9033F383D2D}.Debug|Any CPU.ActiveCfg = Debug|Any CPU
		{D27D699A-F1C1-4B0F-81CB-E9033F383D2D}.Debug|Any CPU.Build.0 = Debug|Any CPU
		{D27D699A-F1C1-4B0F-81CB-E9033F383D2D}.Release|Any CPU.ActiveCfg = Release|Any CPU
		{D27D699A-F1C1-4B0F-81CB-E9033F383D2D}.Release|Any CPU.Build.0 = Release|Any CPU
		{F6C15E7B-E48F-4166-ADAF-E60D17984BFA}.Debug|Any CPU.ActiveCfg = Debug|Any CPU
		{F6C15E7B-E48F-4166-ADAF-E60D17984BFA}.Debug|Any CPU.Build.0 = Debug|Any CPU
		{F6C15E7B-E48F-4166-ADAF-E60D17984BFA}.Release|Any CPU.ActiveCfg = Release|Any CPU
		{F6C15E7B-E48F-4166-ADAF-E60D17984BFA}.Release|Any CPU.Build.0 = Release|Any CPU
		{C4E8EE26-AB7A-443F-A463-5E39AFD4237F}.Debug|Any CPU.ActiveCfg = Debug|Any CPU
		{C4E8EE26-AB7A-443F-A463-5E39AFD4237F}.Debug|Any CPU.Build.0 = Debug|Any CPU
		{C4E8EE26-AB7A-443F-A463-5E39AFD4237F}.Release|Any CPU.ActiveCfg = Release|Any CPU
		{C4E8EE26-AB7A-443F-A463-5E39AFD4237F}.Release|Any CPU.Build.0 = Release|Any CPU
		{00846BF5-4083-4BB5-BF64-EDA35320185F}.Debug|Any CPU.ActiveCfg = Debug|Any CPU
		{00846BF5-4083-4BB5-BF64-EDA35320185F}.Debug|Any CPU.Build.0 = Debug|Any CPU
		{00846BF5-4083-4BB5-BF64-EDA35320185F}.Release|Any CPU.ActiveCfg = Release|Any CPU
		{00846BF5-4083-4BB5-BF64-EDA35320185F}.Release|Any CPU.Build.0 = Release|Any CPU
	EndGlobalSection
	GlobalSection(SolutionProperties) = preSolution
		HideSolutionNode = FALSE
	EndGlobalSection
EndGlobal
